
Microsoft Visual Studio Solution File, Format Version 12.00
# Visual Studio Version 16
VisualStudioVersion = 25.0.1706.4
MinimumVisualStudioVersion = 10.0.40219.1
Project("{FAE04EC0-301F-11D3-BF4B-00C04F79EFBC}") = "SampleWordWithStyles", "SampleWordWithStyles\SampleWordWithStyles.csproj", "{8B63BB37-1644-4B4C-B23A-A3473EF96CAF}"
EndProject
Global
	GlobalSection(SolutionConfigurationPlatforms) = preSolution
		Debug|Any CPU = Debug|Any CPU
		Release|Any CPU = Release|Any CPU
	EndGlobalSection
	GlobalSection(ProjectConfigurationPlatforms) = postSolution
		{8B63BB37-1644-4B4C-B23A-A3473EF96CAF}.Debug|Any CPU.ActiveCfg = Debug|Any CPU
		{8B63BB37-1644-4B4C-B23A-A3473EF96CAF}.Debug|Any CPU.Build.0 = Debug|Any CPU
		{8B63BB37-1644-4B4C-B23A-A3473EF96CAF}.Release|Any CPU.ActiveCfg = Release|Any CPU
		{8B63BB37-1644-4B4C-B23A-A3473EF96CAF}.Release|Any CPU.Build.0 = Release|Any CPU
	EndGlobalSection
	GlobalSection(SolutionProperties) = preSolution
		HideSolutionNode = FALSE
	EndGlobalSection
	GlobalSection(ExtensibilityGlobals) = postSolution
		SolutionGuid = {E0E70649-EF64-4A3A-B4C3-2F0C55AFF008}
	EndGlobalSection
EndGlobal
